// !$*UTF8*$!
{
	archiveVersion = 1;
	classes = {
	};
	objectVersion = 52;
	objects = {

/* Begin PBXBuildFile section */
		D706053927091FF6008F3897 /* AppDelegate.swift in Sources */ = {isa = PBXBuildFile; fileRef = D706053827091FF6008F3897 /* AppDelegate.swift */; };
		D706053B27091FF6008F3897 /* SceneDelegate.swift in Sources */ = {isa = PBXBuildFile; fileRef = D706053A27091FF6008F3897 /* SceneDelegate.swift */; };
		D706053D27091FF6008F3897 /* ViewController.swift in Sources */ = {isa = PBXBuildFile; fileRef = D706053C27091FF6008F3897 /* ViewController.swift */; };
		D706054327091FF6008F3897 /* Halo.xcdatamodeld in Sources */ = {isa = PBXBuildFile; fileRef = D706054127091FF6008F3897 /* Halo.xcdatamodeld */; };
		D706054527091FFA008F3897 /* Assets.xcassets in Resources */ = {isa = PBXBuildFile; fileRef = D706054427091FFA008F3897 /* Assets.xcassets */; };
		D706054827091FFA008F3897 /* LaunchScreen.storyboard in Resources */ = {isa = PBXBuildFile; fileRef = D706054627091FFA008F3897 /* LaunchScreen.storyboard */; };
		D706055E27091FFA008F3897 /* HaloUITests.swift in Sources */ = {isa = PBXBuildFile; fileRef = D706055D27091FFA008F3897 /* HaloUITests.swift */; };
		D7A048E82709353D00A87FB5 /* CharacterSet+Extensions.swift in Sources */ = {isa = PBXBuildFile; fileRef = D7A048E72709353D00A87FB5 /* CharacterSet+Extensions.swift */; };
		D7A048EA2709358E00A87FB5 /* URLRequest+Extensions.swift in Sources */ = {isa = PBXBuildFile; fileRef = D7A048E92709358E00A87FB5 /* URLRequest+Extensions.swift */; };
		D7A048EE270935C300A87FB5 /* Dictionary+Extensions.swift in Sources */ = {isa = PBXBuildFile; fileRef = D7A048ED270935C300A87FB5 /* Dictionary+Extensions.swift */; };
		D7A048F0270936CF00A87FB5 /* Descriptable.swift in Sources */ = {isa = PBXBuildFile; fileRef = D7A048EF270936CF00A87FB5 /* Descriptable.swift */; };
		D7A048F32709376B00A87FB5 /* APIError.swift in Sources */ = {isa = PBXBuildFile; fileRef = D7A048F22709376B00A87FB5 /* APIError.swift */; };
		D7A048F62709393A00A87FB5 /* APIClient.swift in Sources */ = {isa = PBXBuildFile; fileRef = D7A048F52709393A00A87FB5 /* APIClient.swift */; };
		D7A1CDA22709EBBF000F209A /* EndpointProviderTest.swift in Sources */ = {isa = PBXBuildFile; fileRef = D7A1CDA12709EBBF000F209A /* EndpointProviderTest.swift */; };
		D7A1CDA42709EC15000F209A /* MockURLProtocol.swift in Sources */ = {isa = PBXBuildFile; fileRef = D7A1CDA32709EC15000F209A /* MockURLProtocol.swift */; };
		D7A1CDA62709EC49000F209A /* QuickSpec+Extension.swift in Sources */ = {isa = PBXBuildFile; fileRef = D7A1CDA52709EC49000F209A /* QuickSpec+Extension.swift */; };
		D7A1CDA92709ED4A000F209A /* showsMock.json in Resources */ = {isa = PBXBuildFile; fileRef = D7A1CDA82709ED4A000F209A /* showsMock.json */; };
		D7A1CDAC2709EF5C000F209A /* URLGenerationTest.swift in Sources */ = {isa = PBXBuildFile; fileRef = D7A1CDAB2709EF5C000F209A /* URLGenerationTest.swift */; };
		D7A1CDAE2709F064000F209A /* EndpointTest.swift in Sources */ = {isa = PBXBuildFile; fileRef = D7A1CDAD2709F064000F209A /* EndpointTest.swift */; };
		D7A1CDB02709F1E7000F209A /* TVmazeAPIClientTest.swift in Sources */ = {isa = PBXBuildFile; fileRef = D7A1CDAF2709F1E7000F209A /* TVmazeAPIClientTest.swift */; };
		D7A1CDB42709F4AB000F209A /* castsMock.json in Resources */ = {isa = PBXBuildFile; fileRef = D7A1CDB32709F4AB000F209A /* castsMock.json */; };
		D7A1CDB62709F70F000F209A /* APIErrorTest.swift in Sources */ = {isa = PBXBuildFile; fileRef = D7A1CDB52709F70F000F209A /* APIErrorTest.swift */; };
		D7E0129927093E74001FDED0 /* Endpoint.swift in Sources */ = {isa = PBXBuildFile; fileRef = D7E0129827093E74001FDED0 /* Endpoint.swift */; };
		D7E0129C270942B6001FDED0 /* Show.swift in Sources */ = {isa = PBXBuildFile; fileRef = D7E0129B270942B6001FDED0 /* Show.swift */; };
		D7E012A02709459C001FDED0 /* TVmazeAPIProvider.swift in Sources */ = {isa = PBXBuildFile; fileRef = D7E0129F2709459C001FDED0 /* TVmazeAPIProvider.swift */; };
		D7E012A227094894001FDED0 /* TVmazeClientProtocol.swift in Sources */ = {isa = PBXBuildFile; fileRef = D7E012A127094894001FDED0 /* TVmazeClientProtocol.swift */; };
		D7E012A4270948EF001FDED0 /* TVmazeAPIClient.swift in Sources */ = {isa = PBXBuildFile; fileRef = D7E012A3270948EF001FDED0 /* TVmazeAPIClient.swift */; };
		D7EDA3EB270926F400280B8C /* Quick in Frameworks */ = {isa = PBXBuildFile; productRef = D7EDA3EA270926F400280B8C /* Quick */; };
		D7EDA3F02709271F00280B8C /* Nimble in Frameworks */ = {isa = PBXBuildFile; productRef = D7EDA3EF2709271F00280B8C /* Nimble */; };
/* End PBXBuildFile section */

/* Begin PBXContainerItemProxy section */
		D706054F27091FFA008F3897 /* PBXContainerItemProxy */ = {
			isa = PBXContainerItemProxy;
			containerPortal = D706052D27091FF6008F3897 /* Project object */;
			proxyType = 1;
			remoteGlobalIDString = D706053427091FF6008F3897;
			remoteInfo = Halo;
		};
		D706055A27091FFA008F3897 /* PBXContainerItemProxy */ = {
			isa = PBXContainerItemProxy;
			containerPortal = D706052D27091FF6008F3897 /* Project object */;
			proxyType = 1;
			remoteGlobalIDString = D706053427091FF6008F3897;
			remoteInfo = Halo;
		};
/* End PBXContainerItemProxy section */

/* Begin PBXFileReference section */
		D706053527091FF6008F3897 /* Halo.app */ = {isa = PBXFileReference; explicitFileType = wrapper.application; includeInIndex = 0; path = Halo.app; sourceTree = BUILT_PRODUCTS_DIR; };
		D706053827091FF6008F3897 /* AppDelegate.swift */ = {isa = PBXFileReference; lastKnownFileType = sourcecode.swift; path = AppDelegate.swift; sourceTree = "<group>"; };
		D706053A27091FF6008F3897 /* SceneDelegate.swift */ = {isa = PBXFileReference; lastKnownFileType = sourcecode.swift; path = SceneDelegate.swift; sourceTree = "<group>"; };
		D706053C27091FF6008F3897 /* ViewController.swift */ = {isa = PBXFileReference; lastKnownFileType = sourcecode.swift; path = ViewController.swift; sourceTree = "<group>"; };
		D706054227091FF6008F3897 /* Halo.xcdatamodel */ = {isa = PBXFileReference; lastKnownFileType = wrapper.xcdatamodel; path = Halo.xcdatamodel; sourceTree = "<group>"; };
		D706054427091FFA008F3897 /* Assets.xcassets */ = {isa = PBXFileReference; lastKnownFileType = folder.assetcatalog; path = Assets.xcassets; sourceTree = "<group>"; };
		D706054727091FFA008F3897 /* Base */ = {isa = PBXFileReference; lastKnownFileType = file.storyboard; name = Base; path = Base.lproj/LaunchScreen.storyboard; sourceTree = "<group>"; };
		D706054927091FFA008F3897 /* Info.plist */ = {isa = PBXFileReference; lastKnownFileType = text.plist.xml; path = Info.plist; sourceTree = "<group>"; };
		D706054E27091FFA008F3897 /* HaloTests.xctest */ = {isa = PBXFileReference; explicitFileType = wrapper.cfbundle; includeInIndex = 0; path = HaloTests.xctest; sourceTree = BUILT_PRODUCTS_DIR; };
		D706055427091FFA008F3897 /* Info.plist */ = {isa = PBXFileReference; lastKnownFileType = text.plist.xml; path = Info.plist; sourceTree = "<group>"; };
		D706055927091FFA008F3897 /* HaloUITests.xctest */ = {isa = PBXFileReference; explicitFileType = wrapper.cfbundle; includeInIndex = 0; path = HaloUITests.xctest; sourceTree = BUILT_PRODUCTS_DIR; };
		D706055D27091FFA008F3897 /* HaloUITests.swift */ = {isa = PBXFileReference; lastKnownFileType = sourcecode.swift; path = HaloUITests.swift; sourceTree = "<group>"; };
		D706055F27091FFA008F3897 /* Info.plist */ = {isa = PBXFileReference; lastKnownFileType = text.plist.xml; path = Info.plist; sourceTree = "<group>"; };
		D7A048E72709353D00A87FB5 /* CharacterSet+Extensions.swift */ = {isa = PBXFileReference; lastKnownFileType = sourcecode.swift; path = "CharacterSet+Extensions.swift"; sourceTree = "<group>"; };
		D7A048E92709358E00A87FB5 /* URLRequest+Extensions.swift */ = {isa = PBXFileReference; lastKnownFileType = sourcecode.swift; path = "URLRequest+Extensions.swift"; sourceTree = "<group>"; };
		D7A048ED270935C300A87FB5 /* Dictionary+Extensions.swift */ = {isa = PBXFileReference; lastKnownFileType = sourcecode.swift; path = "Dictionary+Extensions.swift"; sourceTree = "<group>"; };
		D7A048EF270936CF00A87FB5 /* Descriptable.swift */ = {isa = PBXFileReference; lastKnownFileType = sourcecode.swift; path = Descriptable.swift; sourceTree = "<group>"; };
		D7A048F22709376B00A87FB5 /* APIError.swift */ = {isa = PBXFileReference; lastKnownFileType = sourcecode.swift; path = APIError.swift; sourceTree = "<group>"; };
		D7A048F52709393A00A87FB5 /* APIClient.swift */ = {isa = PBXFileReference; lastKnownFileType = sourcecode.swift; path = APIClient.swift; sourceTree = "<group>"; };
		D7A1CDA12709EBBF000F209A /* EndpointProviderTest.swift */ = {isa = PBXFileReference; lastKnownFileType = sourcecode.swift; path = EndpointProviderTest.swift; sourceTree = "<group>"; };
		D7A1CDA32709EC15000F209A /* MockURLProtocol.swift */ = {isa = PBXFileReference; lastKnownFileType = sourcecode.swift; path = MockURLProtocol.swift; sourceTree = "<group>"; };
		D7A1CDA52709EC49000F209A /* QuickSpec+Extension.swift */ = {isa = PBXFileReference; lastKnownFileType = sourcecode.swift; path = "QuickSpec+Extension.swift"; sourceTree = "<group>"; };
		D7A1CDA82709ED4A000F209A /* showsMock.json */ = {isa = PBXFileReference; lastKnownFileType = text.json; path = showsMock.json; sourceTree = "<group>"; };
		D7A1CDAB2709EF5C000F209A /* URLGenerationTest.swift */ = {isa = PBXFileReference; lastKnownFileType = sourcecode.swift; path = URLGenerationTest.swift; sourceTree = "<group>"; };
		D7A1CDAD2709F064000F209A /* EndpointTest.swift */ = {isa = PBXFileReference; lastKnownFileType = sourcecode.swift; path = EndpointTest.swift; sourceTree = "<group>"; };
		D7A1CDAF2709F1E7000F209A /* TVmazeAPIClientTest.swift */ = {isa = PBXFileReference; lastKnownFileType = sourcecode.swift; path = TVmazeAPIClientTest.swift; sourceTree = "<group>"; };
		D7A1CDB32709F4AB000F209A /* castsMock.json */ = {isa = PBXFileReference; lastKnownFileType = text.json; path = castsMock.json; sourceTree = "<group>"; };
		D7A1CDB52709F70F000F209A /* APIErrorTest.swift */ = {isa = PBXFileReference; lastKnownFileType = sourcecode.swift; path = APIErrorTest.swift; sourceTree = "<group>"; };
		D7E0129827093E74001FDED0 /* Endpoint.swift */ = {isa = PBXFileReference; lastKnownFileType = sourcecode.swift; path = Endpoint.swift; sourceTree = "<group>"; };
		D7E0129B270942B6001FDED0 /* Show.swift */ = {isa = PBXFileReference; lastKnownFileType = sourcecode.swift; path = Show.swift; sourceTree = "<group>"; };
		D7E0129F2709459C001FDED0 /* TVmazeAPIProvider.swift */ = {isa = PBXFileReference; lastKnownFileType = sourcecode.swift; path = TVmazeAPIProvider.swift; sourceTree = "<group>"; };
		D7E012A127094894001FDED0 /* TVmazeClientProtocol.swift */ = {isa = PBXFileReference; lastKnownFileType = sourcecode.swift; path = TVmazeClientProtocol.swift; sourceTree = "<group>"; };
		D7E012A3270948EF001FDED0 /* TVmazeAPIClient.swift */ = {isa = PBXFileReference; lastKnownFileType = sourcecode.swift; path = TVmazeAPIClient.swift; sourceTree = "<group>"; };
/* End PBXFileReference section */

/* Begin PBXFrameworksBuildPhase section */
		D706053227091FF6008F3897 /* Frameworks */ = {
			isa = PBXFrameworksBuildPhase;
			buildActionMask = 2147483647;
			files = (
			);
			runOnlyForDeploymentPostprocessing = 0;
		};
		D706054B27091FFA008F3897 /* Frameworks */ = {
			isa = PBXFrameworksBuildPhase;
			buildActionMask = 2147483647;
			files = (
				D7EDA3EB270926F400280B8C /* Quick in Frameworks */,
				D7EDA3F02709271F00280B8C /* Nimble in Frameworks */,
			);
			runOnlyForDeploymentPostprocessing = 0;
		};
		D706055627091FFA008F3897 /* Frameworks */ = {
			isa = PBXFrameworksBuildPhase;
			buildActionMask = 2147483647;
			files = (
			);
			runOnlyForDeploymentPostprocessing = 0;
		};
/* End PBXFrameworksBuildPhase section */

/* Begin PBXGroup section */
		D706052C27091FF6008F3897 = {
			isa = PBXGroup;
			children = (
				D706053727091FF6008F3897 /* Halo */,
				D706055127091FFA008F3897 /* HaloTests */,
				D706055C27091FFA008F3897 /* HaloUITests */,
				D706053627091FF6008F3897 /* Products */,
				D7EDA3E9270926F400280B8C /* Frameworks */,
			);
			sourceTree = "<group>";
		};
		D706053627091FF6008F3897 /* Products */ = {
			isa = PBXGroup;
			children = (
				D706053527091FF6008F3897 /* Halo.app */,
				D706054E27091FFA008F3897 /* HaloTests.xctest */,
				D706055927091FFA008F3897 /* HaloUITests.xctest */,
			);
			name = Products;
			sourceTree = "<group>";
		};
		D706053727091FF6008F3897 /* Halo */ = {
			isa = PBXGroup;
			children = (
				D7E012A62709D946001FDED0 /* Application */,
				D7A048F12709374B00A87FB5 /* Network Infrastructure */,
				D7A048E42709351800A87FB5 /* Helpers */,
				D706053C27091FF6008F3897 /* ViewController.swift */,
				D706054427091FFA008F3897 /* Assets.xcassets */,
				D706054627091FFA008F3897 /* LaunchScreen.storyboard */,
				D706054927091FFA008F3897 /* Info.plist */,
				D706054127091FF6008F3897 /* Halo.xcdatamodeld */,
			);
			path = Halo;
			sourceTree = "<group>";
		};
		D706055127091FFA008F3897 /* HaloTests */ = {
			isa = PBXGroup;
			children = (
				D7A1CDA02709EBA2000F209A /* Helpers */,
				D7A1CDAA2709EF16000F209A /* Network Tests */,
				D706055427091FFA008F3897 /* Info.plist */,
			);
			path = HaloTests;
			sourceTree = "<group>";
		};
		D706055C27091FFA008F3897 /* HaloUITests */ = {
			isa = PBXGroup;
			children = (
				D706055D27091FFA008F3897 /* HaloUITests.swift */,
				D706055F27091FFA008F3897 /* Info.plist */,
			);
			path = HaloUITests;
			sourceTree = "<group>";
		};
		D7A048E42709351800A87FB5 /* Helpers */ = {
			isa = PBXGroup;
			children = (
				D7A048E62709352900A87FB5 /* Protocols */,
				D7A048E52709351D00A87FB5 /* Extensions */,
			);
			path = Helpers;
			sourceTree = "<group>";
		};
		D7A048E52709351D00A87FB5 /* Extensions */ = {
			isa = PBXGroup;
			children = (
				D7A048E72709353D00A87FB5 /* CharacterSet+Extensions.swift */,
				D7A048E92709358E00A87FB5 /* URLRequest+Extensions.swift */,
				D7A048ED270935C300A87FB5 /* Dictionary+Extensions.swift */,
			);
			path = Extensions;
			sourceTree = "<group>";
		};
		D7A048E62709352900A87FB5 /* Protocols */ = {
			isa = PBXGroup;
			children = (
				D7A048EF270936CF00A87FB5 /* Descriptable.swift */,
			);
			path = Protocols;
			sourceTree = "<group>";
		};
		D7A048F12709374B00A87FB5 /* Network Infrastructure */ = {
			isa = PBXGroup;
			children = (
				D7E0129D27094550001FDED0 /* Service */,
				D7E0129A27093F4A001FDED0 /* Entities */,
				D7A048F22709376B00A87FB5 /* APIError.swift */,
				D7A048F52709393A00A87FB5 /* APIClient.swift */,
				D7E0129827093E74001FDED0 /* Endpoint.swift */,
			);
			path = "Network Infrastructure";
			sourceTree = "<group>";
		};
		D7A1CDA02709EBA2000F209A /* Helpers */ = {
			isa = PBXGroup;
			children = (
				D7A1CDA72709ED19000F209A /* mocks */,
				D7A1CDA12709EBBF000F209A /* EndpointProviderTest.swift */,
				D7A1CDA32709EC15000F209A /* MockURLProtocol.swift */,
				D7A1CDA52709EC49000F209A /* QuickSpec+Extension.swift */,
			);
			path = Helpers;
			sourceTree = "<group>";
		};
		D7A1CDA72709ED19000F209A /* mocks */ = {
			isa = PBXGroup;
			children = (
				D7A1CDA82709ED4A000F209A /* showsMock.json */,
				D7A1CDB32709F4AB000F209A /* castsMock.json */,
			);
			path = mocks;
			sourceTree = "<group>";
		};
		D7A1CDAA2709EF16000F209A /* Network Tests */ = {
			isa = PBXGroup;
			children = (
				D7A1CDAB2709EF5C000F209A /* URLGenerationTest.swift */,
				D7A1CDAD2709F064000F209A /* EndpointTest.swift */,
				D7A1CDAF2709F1E7000F209A /* TVmazeAPIClientTest.swift */,
				D7A1CDB52709F70F000F209A /* APIErrorTest.swift */,
			);
			path = "Network Tests";
			sourceTree = "<group>";
		};
		D7E0129A27093F4A001FDED0 /* Entities */ = {
			isa = PBXGroup;
			children = (
				D7E0129B270942B6001FDED0 /* Show.swift */,
			);
			path = Entities;
			sourceTree = "<group>";
		};
		D7E0129D27094550001FDED0 /* Service */ = {
			isa = PBXGroup;
			children = (
				D7E0129E27094573001FDED0 /* TVmazeAPI */,
			);
			path = Service;
			sourceTree = "<group>";
		};
		D7E0129E27094573001FDED0 /* TVmazeAPI */ = {
			isa = PBXGroup;
			children = (
				D7E012A3270948EF001FDED0 /* TVmazeAPIClient.swift */,
				D7E0129F2709459C001FDED0 /* TVmazeAPIProvider.swift */,
				D7E012A127094894001FDED0 /* TVmazeClientProtocol.swift */,
			);
			path = TVmazeAPI;
			sourceTree = "<group>";
		};
		D7E012A62709D946001FDED0 /* Application */ = {
			isa = PBXGroup;
			children = (
				D706053A27091FF6008F3897 /* SceneDelegate.swift */,
				D706053827091FF6008F3897 /* AppDelegate.swift */,
			);
			path = Application;
			sourceTree = "<group>";
		};
		D7EDA3E9270926F400280B8C /* Frameworks */ = {
			isa = PBXGroup;
			children = (
			);
			name = Frameworks;
			sourceTree = "<group>";
		};
/* End PBXGroup section */

/* Begin PBXNativeTarget section */
		D706053427091FF6008F3897 /* Halo */ = {
			isa = PBXNativeTarget;
			buildConfigurationList = D706056227091FFA008F3897 /* Build configuration list for PBXNativeTarget "Halo" */;
			buildPhases = (
				D706053127091FF6008F3897 /* Sources */,
				D76F3817270A233F002746E9 /* ShellScript */,
				D706053227091FF6008F3897 /* Frameworks */,
				D706053327091FF6008F3897 /* Resources */,
			);
			buildRules = (
			);
			dependencies = (
			);
			name = Halo;
			productName = Halo;
			productReference = D706053527091FF6008F3897 /* Halo.app */;
			productType = "com.apple.product-type.application";
		};
		D706054D27091FFA008F3897 /* HaloTests */ = {
			isa = PBXNativeTarget;
			buildConfigurationList = D706056527091FFA008F3897 /* Build configuration list for PBXNativeTarget "HaloTests" */;
			buildPhases = (
				D706054A27091FFA008F3897 /* Sources */,
				D76F3818270A237E002746E9 /* ShellScript */,
				D706054B27091FFA008F3897 /* Frameworks */,
				D706054C27091FFA008F3897 /* Resources */,
			);
			buildRules = (
			);
			dependencies = (
				D706055027091FFA008F3897 /* PBXTargetDependency */,
			);
			name = HaloTests;
			packageProductDependencies = (
				D7EDA3EA270926F400280B8C /* Quick */,
				D7EDA3EF2709271F00280B8C /* Nimble */,
			);
			productName = HaloTests;
			productReference = D706054E27091FFA008F3897 /* HaloTests.xctest */;
			productType = "com.apple.product-type.bundle.unit-test";
		};
		D706055827091FFA008F3897 /* HaloUITests */ = {
			isa = PBXNativeTarget;
			buildConfigurationList = D706056827091FFA008F3897 /* Build configuration list for PBXNativeTarget "HaloUITests" */;
			buildPhases = (
				D706055527091FFA008F3897 /* Sources */,
				D706055627091FFA008F3897 /* Frameworks */,
				D706055727091FFA008F3897 /* Resources */,
			);
			buildRules = (
			);
			dependencies = (
				D706055B27091FFA008F3897 /* PBXTargetDependency */,
			);
			name = HaloUITests;
			productName = HaloUITests;
			productReference = D706055927091FFA008F3897 /* HaloUITests.xctest */;
			productType = "com.apple.product-type.bundle.ui-testing";
		};
/* End PBXNativeTarget section */

/* Begin PBXProject section */
		D706052D27091FF6008F3897 /* Project object */ = {
			isa = PBXProject;
			attributes = {
				LastSwiftUpdateCheck = 1250;
				LastUpgradeCheck = 1250;
				TargetAttributes = {
					D706053427091FF6008F3897 = {
						CreatedOnToolsVersion = 12.5.1;
					};
					D706054D27091FFA008F3897 = {
						CreatedOnToolsVersion = 12.5.1;
						TestTargetID = D706053427091FF6008F3897;
					};
					D706055827091FFA008F3897 = {
						CreatedOnToolsVersion = 12.5.1;
						TestTargetID = D706053427091FF6008F3897;
					};
				};
			};
			buildConfigurationList = D706053027091FF6008F3897 /* Build configuration list for PBXProject "Halo" */;
			compatibilityVersion = "Xcode 9.3";
			developmentRegion = en;
			hasScannedForEncodings = 0;
			knownRegions = (
				en,
				Base,
			);
			mainGroup = D706052C27091FF6008F3897;
			packageReferences = (
				D7EDA3E32709236E00280B8C /* XCRemoteSwiftPackageReference "quick" */,
				D7EDA3EC2709271300280B8C /* XCRemoteSwiftPackageReference "nimble" */,
			);
			productRefGroup = D706053627091FF6008F3897 /* Products */;
			projectDirPath = "";
			projectRoot = "";
			targets = (
				D706053427091FF6008F3897 /* Halo */,
				D706054D27091FFA008F3897 /* HaloTests */,
				D706055827091FFA008F3897 /* HaloUITests */,
			);
		};
/* End PBXProject section */

/* Begin PBXResourcesBuildPhase section */
		D706053327091FF6008F3897 /* Resources */ = {
			isa = PBXResourcesBuildPhase;
			buildActionMask = 2147483647;
			files = (
				D706054827091FFA008F3897 /* LaunchScreen.storyboard in Resources */,
				D706054527091FFA008F3897 /* Assets.xcassets in Resources */,
			);
			runOnlyForDeploymentPostprocessing = 0;
		};
		D706054C27091FFA008F3897 /* Resources */ = {
			isa = PBXResourcesBuildPhase;
			buildActionMask = 2147483647;
			files = (
				D7A1CDB42709F4AB000F209A /* castsMock.json in Resources */,
				D7A1CDA92709ED4A000F209A /* showsMock.json in Resources */,
			);
			runOnlyForDeploymentPostprocessing = 0;
		};
		D706055727091FFA008F3897 /* Resources */ = {
			isa = PBXResourcesBuildPhase;
			buildActionMask = 2147483647;
			files = (
			);
			runOnlyForDeploymentPostprocessing = 0;
		};
/* End PBXResourcesBuildPhase section */

/* Begin PBXShellScriptBuildPhase section */
		D76F3817270A233F002746E9 /* ShellScript */ = {
			isa = PBXShellScriptBuildPhase;
			buildActionMask = 2147483647;
			files = (
			);
			inputFileListPaths = (
			);
			inputPaths = (
			);
			outputFileListPaths = (
			);
			outputPaths = (
			);
			runOnlyForDeploymentPostprocessing = 0;
			shellPath = /bin/sh;
			shellScript = "if [ -z \"$CI\" ]; then\n    if which swiftlint >/dev/null; then\n    swiftlint autocorrect --config \".swiftlint.auto.yml\" && swiftlint\n    else\n      echo \"warning: SwiftLint not installed, download from https://github.com/realm/SwiftLint\"\n    fi\nfi\n";
		};
		D76F3818270A237E002746E9 /* ShellScript */ = {
			isa = PBXShellScriptBuildPhase;
			buildActionMask = 2147483647;
			files = (
			);
			inputFileListPaths = (
			);
			inputPaths = (
			);
			outputFileListPaths = (
			);
			outputPaths = (
			);
			runOnlyForDeploymentPostprocessing = 0;
			shellPath = /bin/sh;
			shellScript = "if [ -z \"$CI\" ]; then\n    if which swiftlint >/dev/null; then\n    swiftlint autocorrect --config \".swiftlint.auto.yml\" && swiftlint\n    else\n      echo \"warning: SwiftLint not installed, download from https://github.com/realm/SwiftLint\"\n    fi\nfi\n\n";
		};
/* End PBXShellScriptBuildPhase section */

/* Begin PBXSourcesBuildPhase section */
		D706053127091FF6008F3897 /* Sources */ = {
			isa = PBXSourcesBuildPhase;
			buildActionMask = 2147483647;
			files = (
				D706053D27091FF6008F3897 /* ViewController.swift in Sources */,
				D7E012A227094894001FDED0 /* TVmazeClientProtocol.swift in Sources */,
				D706054327091FF6008F3897 /* Halo.xcdatamodeld in Sources */,
				D7A048E82709353D00A87FB5 /* CharacterSet+Extensions.swift in Sources */,
				D7A048F62709393A00A87FB5 /* APIClient.swift in Sources */,
				D7A048EE270935C300A87FB5 /* Dictionary+Extensions.swift in Sources */,
				D7A048EA2709358E00A87FB5 /* URLRequest+Extensions.swift in Sources */,
				D7E0129C270942B6001FDED0 /* Show.swift in Sources */,
				D7E012A02709459C001FDED0 /* TVmazeAPIProvider.swift in Sources */,
				D706053927091FF6008F3897 /* AppDelegate.swift in Sources */,
				D7E012A4270948EF001FDED0 /* TVmazeAPIClient.swift in Sources */,
				D706053B27091FF6008F3897 /* SceneDelegate.swift in Sources */,
				D7A048F0270936CF00A87FB5 /* Descriptable.swift in Sources */,
				D7E0129927093E74001FDED0 /* Endpoint.swift in Sources */,
				D7A048F32709376B00A87FB5 /* APIError.swift in Sources */,
			);
			runOnlyForDeploymentPostprocessing = 0;
		};
		D706054A27091FFA008F3897 /* Sources */ = {
			isa = PBXSourcesBuildPhase;
			buildActionMask = 2147483647;
			files = (
				D7A1CDA62709EC49000F209A /* QuickSpec+Extension.swift in Sources */,
				D7A1CDAC2709EF5C000F209A /* URLGenerationTest.swift in Sources */,
				D7A1CDB02709F1E7000F209A /* TVmazeAPIClientTest.swift in Sources */,
				D7A1CDAE2709F064000F209A /* EndpointTest.swift in Sources */,
				D7A1CDA42709EC15000F209A /* MockURLProtocol.swift in Sources */,
				D7A1CDA22709EBBF000F209A /* EndpointProviderTest.swift in Sources */,
				D7A1CDB62709F70F000F209A /* APIErrorTest.swift in Sources */,
			);
			runOnlyForDeploymentPostprocessing = 0;
		};
		D706055527091FFA008F3897 /* Sources */ = {
			isa = PBXSourcesBuildPhase;
			buildActionMask = 2147483647;
			files = (
				D706055E27091FFA008F3897 /* HaloUITests.swift in Sources */,
			);
			runOnlyForDeploymentPostprocessing = 0;
		};
/* End PBXSourcesBuildPhase section */

/* Begin PBXTargetDependency section */
		D706055027091FFA008F3897 /* PBXTargetDependency */ = {
			isa = PBXTargetDependency;
			target = D706053427091FF6008F3897 /* Halo */;
			targetProxy = D706054F27091FFA008F3897 /* PBXContainerItemProxy */;
		};
		D706055B27091FFA008F3897 /* PBXTargetDependency */ = {
			isa = PBXTargetDependency;
			target = D706053427091FF6008F3897 /* Halo */;
			targetProxy = D706055A27091FFA008F3897 /* PBXContainerItemProxy */;
		};
/* End PBXTargetDependency section */

/* Begin PBXVariantGroup section */
		D706054627091FFA008F3897 /* LaunchScreen.storyboard */ = {
			isa = PBXVariantGroup;
			children = (
				D706054727091FFA008F3897 /* Base */,
			);
			name = LaunchScreen.storyboard;
			sourceTree = "<group>";
		};
/* End PBXVariantGroup section */

/* Begin XCBuildConfiguration section */
		D706056027091FFA008F3897 /* Debug */ = {
			isa = XCBuildConfiguration;
			buildSettings = {
				ALWAYS_SEARCH_USER_PATHS = NO;
				CLANG_ANALYZER_NONNULL = YES;
				CLANG_ANALYZER_NUMBER_OBJECT_CONVERSION = YES_AGGRESSIVE;
				CLANG_CXX_LANGUAGE_STANDARD = "gnu++14";
				CLANG_CXX_LIBRARY = "libc++";
				CLANG_ENABLE_CODE_COVERAGE = YES;
				CLANG_ENABLE_MODULES = YES;
				CLANG_ENABLE_OBJC_ARC = YES;
				CLANG_ENABLE_OBJC_WEAK = YES;
				CLANG_WARN_BLOCK_CAPTURE_AUTORELEASING = YES;
				CLANG_WARN_BOOL_CONVERSION = YES;
				CLANG_WARN_COMMA = YES;
				CLANG_WARN_CONSTANT_CONVERSION = YES;
				CLANG_WARN_DEPRECATED_OBJC_IMPLEMENTATIONS = YES;
				CLANG_WARN_DIRECT_OBJC_ISA_USAGE = YES_ERROR;
				CLANG_WARN_DOCUMENTATION_COMMENTS = YES;
				CLANG_WARN_EMPTY_BODY = YES;
				CLANG_WARN_ENUM_CONVERSION = YES;
				CLANG_WARN_INFINITE_RECURSION = YES;
				CLANG_WARN_INT_CONVERSION = YES;
				CLANG_WARN_NON_LITERAL_NULL_CONVERSION = YES;
				CLANG_WARN_OBJC_IMPLICIT_RETAIN_SELF = YES;
				CLANG_WARN_OBJC_LITERAL_CONVERSION = YES;
				CLANG_WARN_OBJC_ROOT_CLASS = YES_ERROR;
				CLANG_WARN_QUOTED_INCLUDE_IN_FRAMEWORK_HEADER = YES;
				CLANG_WARN_RANGE_LOOP_ANALYSIS = YES;
				CLANG_WARN_STRICT_PROTOTYPES = YES;
				CLANG_WARN_SUSPICIOUS_MOVE = YES;
				CLANG_WARN_UNGUARDED_AVAILABILITY = YES_AGGRESSIVE;
				CLANG_WARN_UNREACHABLE_CODE = YES;
				CLANG_WARN__DUPLICATE_METHOD_MATCH = YES;
				COPY_PHASE_STRIP = NO;
				DEBUG_INFORMATION_FORMAT = dwarf;
				ENABLE_STRICT_OBJC_MSGSEND = YES;
				ENABLE_TESTABILITY = YES;
				GCC_C_LANGUAGE_STANDARD = gnu11;
				GCC_DYNAMIC_NO_PIC = NO;
				GCC_NO_COMMON_BLOCKS = YES;
				GCC_OPTIMIZATION_LEVEL = 0;
				GCC_PREPROCESSOR_DEFINITIONS = (
					"DEBUG=1",
					"$(inherited)",
				);
				GCC_WARN_64_TO_32_BIT_CONVERSION = YES;
				GCC_WARN_ABOUT_RETURN_TYPE = YES_ERROR;
				GCC_WARN_UNDECLARED_SELECTOR = YES;
				GCC_WARN_UNINITIALIZED_AUTOS = YES_AGGRESSIVE;
				GCC_WARN_UNUSED_FUNCTION = YES;
				GCC_WARN_UNUSED_VARIABLE = YES;
				IPHONEOS_DEPLOYMENT_TARGET = 13.0;
				MTL_ENABLE_DEBUG_INFO = INCLUDE_SOURCE;
				MTL_FAST_MATH = YES;
				ONLY_ACTIVE_ARCH = YES;
				SDKROOT = iphoneos;
				SWIFT_ACTIVE_COMPILATION_CONDITIONS = DEBUG;
				SWIFT_OPTIMIZATION_LEVEL = "-Onone";
			};
			name = Debug;
		};
		D706056127091FFA008F3897 /* Release */ = {
			isa = XCBuildConfiguration;
			buildSettings = {
				ALWAYS_SEARCH_USER_PATHS = NO;
				CLANG_ANALYZER_NONNULL = YES;
				CLANG_ANALYZER_NUMBER_OBJECT_CONVERSION = YES_AGGRESSIVE;
				CLANG_CXX_LANGUAGE_STANDARD = "gnu++14";
				CLANG_CXX_LIBRARY = "libc++";
				CLANG_ENABLE_CODE_COVERAGE = YES;
				CLANG_ENABLE_MODULES = YES;
				CLANG_ENABLE_OBJC_ARC = YES;
				CLANG_ENABLE_OBJC_WEAK = YES;
				CLANG_WARN_BLOCK_CAPTURE_AUTORELEASING = YES;
				CLANG_WARN_BOOL_CONVERSION = YES;
				CLANG_WARN_COMMA = YES;
				CLANG_WARN_CONSTANT_CONVERSION = YES;
				CLANG_WARN_DEPRECATED_OBJC_IMPLEMENTATIONS = YES;
				CLANG_WARN_DIRECT_OBJC_ISA_USAGE = YES_ERROR;
				CLANG_WARN_DOCUMENTATION_COMMENTS = YES;
				CLANG_WARN_EMPTY_BODY = YES;
				CLANG_WARN_ENUM_CONVERSION = YES;
				CLANG_WARN_INFINITE_RECURSION = YES;
				CLANG_WARN_INT_CONVERSION = YES;
				CLANG_WARN_NON_LITERAL_NULL_CONVERSION = YES;
				CLANG_WARN_OBJC_IMPLICIT_RETAIN_SELF = YES;
				CLANG_WARN_OBJC_LITERAL_CONVERSION = YES;
				CLANG_WARN_OBJC_ROOT_CLASS = YES_ERROR;
				CLANG_WARN_QUOTED_INCLUDE_IN_FRAMEWORK_HEADER = YES;
				CLANG_WARN_RANGE_LOOP_ANALYSIS = YES;
				CLANG_WARN_STRICT_PROTOTYPES = YES;
				CLANG_WARN_SUSPICIOUS_MOVE = YES;
				CLANG_WARN_UNGUARDED_AVAILABILITY = YES_AGGRESSIVE;
				CLANG_WARN_UNREACHABLE_CODE = YES;
				CLANG_WARN__DUPLICATE_METHOD_MATCH = YES;
				COPY_PHASE_STRIP = NO;
				DEBUG_INFORMATION_FORMAT = "dwarf-with-dsym";
				ENABLE_NS_ASSERTIONS = NO;
				ENABLE_STRICT_OBJC_MSGSEND = YES;
				GCC_C_LANGUAGE_STANDARD = gnu11;
				GCC_NO_COMMON_BLOCKS = YES;
				GCC_WARN_64_TO_32_BIT_CONVERSION = YES;
				GCC_WARN_ABOUT_RETURN_TYPE = YES_ERROR;
				GCC_WARN_UNDECLARED_SELECTOR = YES;
				GCC_WARN_UNINITIALIZED_AUTOS = YES_AGGRESSIVE;
				GCC_WARN_UNUSED_FUNCTION = YES;
				GCC_WARN_UNUSED_VARIABLE = YES;
				IPHONEOS_DEPLOYMENT_TARGET = 13.0;
				MTL_ENABLE_DEBUG_INFO = NO;
				MTL_FAST_MATH = YES;
				SDKROOT = iphoneos;
				SWIFT_COMPILATION_MODE = wholemodule;
				SWIFT_OPTIMIZATION_LEVEL = "-O";
				VALIDATE_PRODUCT = YES;
			};
			name = Release;
		};
		D706056327091FFA008F3897 /* Debug */ = {
			isa = XCBuildConfiguration;
			buildSettings = {
				ASSETCATALOG_COMPILER_APPICON_NAME = AppIcon;
				ASSETCATALOG_COMPILER_GLOBAL_ACCENT_COLOR_NAME = AccentColor;
				CODE_SIGN_STYLE = Automatic;
				DEVELOPMENT_TEAM = 84MA3JMGLA;
				INFOPLIST_FILE = Halo/Info.plist;
				IPHONEOS_DEPLOYMENT_TARGET = 13.0;
				LD_RUNPATH_SEARCH_PATHS = (
					"$(inherited)",
					"@executable_path/Frameworks",
				);
				PRODUCT_BUNDLE_IDENTIFIER = anjos.levy.Halo;
				PRODUCT_NAME = "$(TARGET_NAME)";
				SWIFT_VERSION = 5.0;
				TARGETED_DEVICE_FAMILY = "1,2";
			};
			name = Debug;
		};
		D706056427091FFA008F3897 /* Release */ = {
			isa = XCBuildConfiguration;
			buildSettings = {
				ASSETCATALOG_COMPILER_APPICON_NAME = AppIcon;
				ASSETCATALOG_COMPILER_GLOBAL_ACCENT_COLOR_NAME = AccentColor;
				CODE_SIGN_STYLE = Automatic;
				DEVELOPMENT_TEAM = 84MA3JMGLA;
				INFOPLIST_FILE = Halo/Info.plist;
				IPHONEOS_DEPLOYMENT_TARGET = 13.0;
				LD_RUNPATH_SEARCH_PATHS = (
					"$(inherited)",
					"@executable_path/Frameworks",
				);
				PRODUCT_BUNDLE_IDENTIFIER = anjos.levy.Halo;
				PRODUCT_NAME = "$(TARGET_NAME)";
				SWIFT_VERSION = 5.0;
				TARGETED_DEVICE_FAMILY = "1,2";
			};
			name = Release;
		};
		D706056627091FFA008F3897 /* Debug */ = {
			isa = XCBuildConfiguration;
			buildSettings = {
				ALWAYS_EMBED_SWIFT_STANDARD_LIBRARIES = YES;
				BUNDLE_LOADER = "$(TEST_HOST)";
				CODE_SIGN_STYLE = Automatic;
				DEVELOPMENT_TEAM = 84MA3JMGLA;
				INFOPLIST_FILE = HaloTests/Info.plist;
				IPHONEOS_DEPLOYMENT_TARGET = 13.0;
				LD_RUNPATH_SEARCH_PATHS = (
					"$(inherited)",
					"@executable_path/Frameworks",
					"@loader_path/Frameworks",
				);
				PRODUCT_BUNDLE_IDENTIFIER = anjos.levy.HaloTests;
				PRODUCT_NAME = "$(TARGET_NAME)";
				SWIFT_VERSION = 5.0;
				TARGETED_DEVICE_FAMILY = "1,2";
				TEST_HOST = "$(BUILT_PRODUCTS_DIR)/Halo.app/Halo";
			};
			name = Debug;
		};
		D706056727091FFA008F3897 /* Release */ = {
			isa = XCBuildConfiguration;
			buildSettings = {
				ALWAYS_EMBED_SWIFT_STANDARD_LIBRARIES = YES;
				BUNDLE_LOADER = "$(TEST_HOST)";
				CODE_SIGN_STYLE = Automatic;
				DEVELOPMENT_TEAM = 84MA3JMGLA;
				INFOPLIST_FILE = HaloTests/Info.plist;
				IPHONEOS_DEPLOYMENT_TARGET = 13.0;
				LD_RUNPATH_SEARCH_PATHS = (
					"$(inherited)",
					"@executable_path/Frameworks",
					"@loader_path/Frameworks",
				);
				PRODUCT_BUNDLE_IDENTIFIER = anjos.levy.HaloTests;
				PRODUCT_NAME = "$(TARGET_NAME)";
				SWIFT_VERSION = 5.0;
				TARGETED_DEVICE_FAMILY = "1,2";
				TEST_HOST = "$(BUILT_PRODUCTS_DIR)/Halo.app/Halo";
			};
			name = Release;
		};
		D706056927091FFA008F3897 /* Debug */ = {
			isa = XCBuildConfiguration;
			buildSettings = {
				ALWAYS_EMBED_SWIFT_STANDARD_LIBRARIES = YES;
				CODE_SIGN_STYLE = Automatic;
				DEVELOPMENT_TEAM = 84MA3JMGLA;
				INFOPLIST_FILE = HaloUITests/Info.plist;
				LD_RUNPATH_SEARCH_PATHS = (
					"$(inherited)",
					"@executable_path/Frameworks",
					"@loader_path/Frameworks",
				);
				PRODUCT_BUNDLE_IDENTIFIER = anjos.levy.HaloUITests;
				PRODUCT_NAME = "$(TARGET_NAME)";
				SWIFT_VERSION = 5.0;
				TARGETED_DEVICE_FAMILY = "1,2";
				TEST_TARGET_NAME = Halo;
			};
			name = Debug;
		};
		D706056A27091FFA008F3897 /* Release */ = {
			isa = XCBuildConfiguration;
			buildSettings = {
				ALWAYS_EMBED_SWIFT_STANDARD_LIBRARIES = YES;
				CODE_SIGN_STYLE = Automatic;
				DEVELOPMENT_TEAM = 84MA3JMGLA;
				INFOPLIST_FILE = HaloUITests/Info.plist;
				LD_RUNPATH_SEARCH_PATHS = (
					"$(inherited)",
					"@executable_path/Frameworks",
					"@loader_path/Frameworks",
				);
				PRODUCT_BUNDLE_IDENTIFIER = anjos.levy.HaloUITests;
				PRODUCT_NAME = "$(TARGET_NAME)";
				SWIFT_VERSION = 5.0;
				TARGETED_DEVICE_FAMILY = "1,2";
				TEST_TARGET_NAME = Halo;
			};
			name = Release;
		};
/* End XCBuildConfiguration section */

/* Begin XCConfigurationList section */
		D706053027091FF6008F3897 /* Build configuration list for PBXProject "Halo" */ = {
			isa = XCConfigurationList;
			buildConfigurations = (
				D706056027091FFA008F3897 /* Debug */,
				D706056127091FFA008F3897 /* Release */,
			);
			defaultConfigurationIsVisible = 0;
			defaultConfigurationName = Release;
		};
		D706056227091FFA008F3897 /* Build configuration list for PBXNativeTarget "Halo" */ = {
			isa = XCConfigurationList;
			buildConfigurations = (
				D706056327091FFA008F3897 /* Debug */,
				D706056427091FFA008F3897 /* Release */,
			);
			defaultConfigurationIsVisible = 0;
			defaultConfigurationName = Release;
		};
		D706056527091FFA008F3897 /* Build configuration list for PBXNativeTarget "HaloTests" */ = {
			isa = XCConfigurationList;
			buildConfigurations = (
				D706056627091FFA008F3897 /* Debug */,
				D706056727091FFA008F3897 /* Release */,
			);
			defaultConfigurationIsVisible = 0;
			defaultConfigurationName = Release;
		};
		D706056827091FFA008F3897 /* Build configuration list for PBXNativeTarget "HaloUITests" */ = {
			isa = XCConfigurationList;
			buildConfigurations = (
				D706056927091FFA008F3897 /* Debug */,
				D706056A27091FFA008F3897 /* Release */,
			);
			defaultConfigurationIsVisible = 0;
			defaultConfigurationName = Release;
		};
/* End XCConfigurationList section */

/* Begin XCRemoteSwiftPackageReference section */
		D7EDA3E32709236E00280B8C /* XCRemoteSwiftPackageReference "quick" */ = {
			isa = XCRemoteSwiftPackageReference;
			repositoryURL = "https://github.com/Quick/quick";
			requirement = {
				kind = upToNextMajorVersion;
				minimumVersion = 4.0.0;
			};
		};
		D7EDA3EC2709271300280B8C /* XCRemoteSwiftPackageReference "nimble" */ = {
			isa = XCRemoteSwiftPackageReference;
			repositoryURL = "https://github.com/Quick/nimble";
			requirement = {
				kind = upToNextMajorVersion;
				minimumVersion = 9.2.1;
			};
		};
/* End XCRemoteSwiftPackageReference section */

/* Begin XCSwiftPackageProductDependency section */
		D7EDA3EA270926F400280B8C /* Quick */ = {
			isa = XCSwiftPackageProductDependency;
			package = D7EDA3E32709236E00280B8C /* XCRemoteSwiftPackageReference "quick" */;
			productName = Quick;
		};
		D7EDA3EF2709271F00280B8C /* Nimble */ = {
			isa = XCSwiftPackageProductDependency;
			package = D7EDA3EC2709271300280B8C /* XCRemoteSwiftPackageReference "nimble" */;
			productName = Nimble;
		};
/* End XCSwiftPackageProductDependency section */

/* Begin XCVersionGroup section */
		D706054127091FF6008F3897 /* Halo.xcdatamodeld */ = {
			isa = XCVersionGroup;
			children = (
				D706054227091FF6008F3897 /* Halo.xcdatamodel */,
			);
			currentVersion = D706054227091FF6008F3897 /* Halo.xcdatamodel */;
			path = Halo.xcdatamodeld;
			sourceTree = "<group>";
			versionGroupType = wrapper.xcdatamodel;
		};
/* End XCVersionGroup section */
	};
	rootObject = D706052D27091FF6008F3897 /* Project object */;
}
